// !$*UTF8*$!
{
	archiveVersion = 1;
	classes = {
	};
	objectVersion = 55;
	objects = {

/* Begin PBXBuildFile section */
		4C7599B52816FFD600957666 /* Lesson.swift in Sources */ = {isa = PBXBuildFile; fileRef = 4C7599B42816FFD600957666 /* Lesson.swift */; };
		4C7599B8281700C400957666 /* URLSessionHTTPClient.swift in Sources */ = {isa = PBXBuildFile; fileRef = 4C7599B7281700C400957666 /* URLSessionHTTPClient.swift */; };
		4C7599BB2817024000957666 /* LessonEndpoint.swift in Sources */ = {isa = PBXBuildFile; fileRef = 4C7599BA2817024000957666 /* LessonEndpoint.swift */; };
		4C7599BD281702C900957666 /* LessonService.swift in Sources */ = {isa = PBXBuildFile; fileRef = 4C7599BC281702C900957666 /* LessonService.swift */; };
		4C7599BF2817040600957666 /* LessonMapper.swift in Sources */ = {isa = PBXBuildFile; fileRef = 4C7599BE2817040600957666 /* LessonMapper.swift */; };
		4C7599C6281713F000957666 /* LessonStore.xcdatamodeld in Sources */ = {isa = PBXBuildFile; fileRef = 4C7599C4281713F000957666 /* LessonStore.xcdatamodeld */; };
		4C7599CA2817165700957666 /* CoreDataHelpers.swift in Sources */ = {isa = PBXBuildFile; fileRef = 4C7599C92817165700957666 /* CoreDataHelpers.swift */; };
		4C7599CC2817177B00957666 /* CoreDataLessonStore.swift in Sources */ = {isa = PBXBuildFile; fileRef = 4C7599CB2817177B00957666 /* CoreDataLessonStore.swift */; };
		4C7599CE281719AF00957666 /* ManagedLesson.swift in Sources */ = {isa = PBXBuildFile; fileRef = 4C7599CD281719AF00957666 /* ManagedLesson.swift */; };
		4C7599D0281721B700957666 /* LocalLessonLoader.swift in Sources */ = {isa = PBXBuildFile; fileRef = 4C7599CF281721B700957666 /* LocalLessonLoader.swift */; };
		4C7599D2281721DB00957666 /* LessonStore.swift in Sources */ = {isa = PBXBuildFile; fileRef = 4C7599D1281721DB00957666 /* LessonStore.swift */; };
		4CEA92892816FE990058BB84 /* AppDelegate.swift in Sources */ = {isa = PBXBuildFile; fileRef = 4CEA92882816FE990058BB84 /* AppDelegate.swift */; };
		4CEA928B2816FE990058BB84 /* SceneDelegate.swift in Sources */ = {isa = PBXBuildFile; fileRef = 4CEA928A2816FE990058BB84 /* SceneDelegate.swift */; };
		4CEA92902816FE990058BB84 /* Main.storyboard in Resources */ = {isa = PBXBuildFile; fileRef = 4CEA928E2816FE990058BB84 /* Main.storyboard */; };
		4CEA92922816FE9A0058BB84 /* Assets.xcassets in Resources */ = {isa = PBXBuildFile; fileRef = 4CEA92912816FE9A0058BB84 /* Assets.xcassets */; };
		4CEA92952816FE9A0058BB84 /* LaunchScreen.storyboard in Resources */ = {isa = PBXBuildFile; fileRef = 4CEA92932816FE9A0058BB84 /* LaunchScreen.storyboard */; };
		4CEA92A02816FE9A0058BB84 /* LessonsAppTests.swift in Sources */ = {isa = PBXBuildFile; fileRef = 4CEA929F2816FE9A0058BB84 /* LessonsAppTests.swift */; };
		4CEA92AA2816FE9A0058BB84 /* LessonsAppUITests.swift in Sources */ = {isa = PBXBuildFile; fileRef = 4CEA92A92816FE9A0058BB84 /* LessonsAppUITests.swift */; };
		4CEA92AC2816FE9A0058BB84 /* LessonsAppUITestsLaunchTests.swift in Sources */ = {isa = PBXBuildFile; fileRef = 4CEA92AB2816FE9A0058BB84 /* LessonsAppUITestsLaunchTests.swift */; };
/* End PBXBuildFile section */

/* Begin PBXContainerItemProxy section */
		4CEA929C2816FE9A0058BB84 /* PBXContainerItemProxy */ = {
			isa = PBXContainerItemProxy;
			containerPortal = 4CEA927D2816FE990058BB84 /* Project object */;
			proxyType = 1;
			remoteGlobalIDString = 4CEA92842816FE990058BB84;
			remoteInfo = LessonsApp;
		};
		4CEA92A62816FE9A0058BB84 /* PBXContainerItemProxy */ = {
			isa = PBXContainerItemProxy;
			containerPortal = 4CEA927D2816FE990058BB84 /* Project object */;
			proxyType = 1;
			remoteGlobalIDString = 4CEA92842816FE990058BB84;
			remoteInfo = LessonsApp;
		};
/* End PBXContainerItemProxy section */

/* Begin PBXFileReference section */
		4C7599B42816FFD600957666 /* Lesson.swift */ = {isa = PBXFileReference; lastKnownFileType = sourcecode.swift; path = Lesson.swift; sourceTree = "<group>"; };
		4C7599B7281700C400957666 /* URLSessionHTTPClient.swift */ = {isa = PBXFileReference; lastKnownFileType = sourcecode.swift; path = URLSessionHTTPClient.swift; sourceTree = "<group>"; };
		4C7599BA2817024000957666 /* LessonEndpoint.swift */ = {isa = PBXFileReference; lastKnownFileType = sourcecode.swift; path = LessonEndpoint.swift; sourceTree = "<group>"; };
		4C7599BC281702C900957666 /* LessonService.swift */ = {isa = PBXFileReference; lastKnownFileType = sourcecode.swift; path = LessonService.swift; sourceTree = "<group>"; };
		4C7599BE2817040600957666 /* LessonMapper.swift */ = {isa = PBXFileReference; lastKnownFileType = sourcecode.swift; path = LessonMapper.swift; sourceTree = "<group>"; };
		4C7599C5281713F000957666 /* LessonStore.xcdatamodel */ = {isa = PBXFileReference; lastKnownFileType = wrapper.xcdatamodel; path = LessonStore.xcdatamodel; sourceTree = "<group>"; };
		4C7599C92817165700957666 /* CoreDataHelpers.swift */ = {isa = PBXFileReference; lastKnownFileType = sourcecode.swift; path = CoreDataHelpers.swift; sourceTree = "<group>"; };
		4C7599CB2817177B00957666 /* CoreDataLessonStore.swift */ = {isa = PBXFileReference; lastKnownFileType = sourcecode.swift; path = CoreDataLessonStore.swift; sourceTree = "<group>"; };
		4C7599CD281719AF00957666 /* ManagedLesson.swift */ = {isa = PBXFileReference; lastKnownFileType = sourcecode.swift; path = ManagedLesson.swift; sourceTree = "<group>"; };
		4C7599CF281721B700957666 /* LocalLessonLoader.swift */ = {isa = PBXFileReference; lastKnownFileType = sourcecode.swift; path = LocalLessonLoader.swift; sourceTree = "<group>"; };
		4C7599D1281721DB00957666 /* LessonStore.swift */ = {isa = PBXFileReference; lastKnownFileType = sourcecode.swift; path = LessonStore.swift; sourceTree = "<group>"; };
		4CEA92852816FE990058BB84 /* LessonsApp.app */ = {isa = PBXFileReference; explicitFileType = wrapper.application; includeInIndex = 0; path = LessonsApp.app; sourceTree = BUILT_PRODUCTS_DIR; };
		4CEA92882816FE990058BB84 /* AppDelegate.swift */ = {isa = PBXFileReference; lastKnownFileType = sourcecode.swift; path = AppDelegate.swift; sourceTree = "<group>"; };
		4CEA928A2816FE990058BB84 /* SceneDelegate.swift */ = {isa = PBXFileReference; lastKnownFileType = sourcecode.swift; path = SceneDelegate.swift; sourceTree = "<group>"; };
		4CEA928F2816FE990058BB84 /* Base */ = {isa = PBXFileReference; lastKnownFileType = file.storyboard; name = Base; path = Base.lproj/Main.storyboard; sourceTree = "<group>"; };
		4CEA92912816FE9A0058BB84 /* Assets.xcassets */ = {isa = PBXFileReference; lastKnownFileType = folder.assetcatalog; path = Assets.xcassets; sourceTree = "<group>"; };
		4CEA92942816FE9A0058BB84 /* Base */ = {isa = PBXFileReference; lastKnownFileType = file.storyboard; name = Base; path = Base.lproj/LaunchScreen.storyboard; sourceTree = "<group>"; };
		4CEA92962816FE9A0058BB84 /* Info.plist */ = {isa = PBXFileReference; lastKnownFileType = text.plist.xml; path = Info.plist; sourceTree = "<group>"; };
		4CEA929B2816FE9A0058BB84 /* LessonsAppTests.xctest */ = {isa = PBXFileReference; explicitFileType = wrapper.cfbundle; includeInIndex = 0; path = LessonsAppTests.xctest; sourceTree = BUILT_PRODUCTS_DIR; };
		4CEA929F2816FE9A0058BB84 /* LessonsAppTests.swift */ = {isa = PBXFileReference; lastKnownFileType = sourcecode.swift; path = LessonsAppTests.swift; sourceTree = "<group>"; };
		4CEA92A52816FE9A0058BB84 /* LessonsAppUITests.xctest */ = {isa = PBXFileReference; explicitFileType = wrapper.cfbundle; includeInIndex = 0; path = LessonsAppUITests.xctest; sourceTree = BUILT_PRODUCTS_DIR; };
		4CEA92A92816FE9A0058BB84 /* LessonsAppUITests.swift */ = {isa = PBXFileReference; lastKnownFileType = sourcecode.swift; path = LessonsAppUITests.swift; sourceTree = "<group>"; };
		4CEA92AB2816FE9A0058BB84 /* LessonsAppUITestsLaunchTests.swift */ = {isa = PBXFileReference; lastKnownFileType = sourcecode.swift; path = LessonsAppUITestsLaunchTests.swift; sourceTree = "<group>"; };
/* End PBXFileReference section */

/* Begin PBXFrameworksBuildPhase section */
		4CEA92822816FE990058BB84 /* Frameworks */ = {
			isa = PBXFrameworksBuildPhase;
			buildActionMask = 2147483647;
			files = (
			);
			runOnlyForDeploymentPostprocessing = 0;
		};
		4CEA92982816FE9A0058BB84 /* Frameworks */ = {
			isa = PBXFrameworksBuildPhase;
			buildActionMask = 2147483647;
			files = (
			);
			runOnlyForDeploymentPostprocessing = 0;
		};
		4CEA92A22816FE9A0058BB84 /* Frameworks */ = {
			isa = PBXFrameworksBuildPhase;
			buildActionMask = 2147483647;
			files = (
			);
			runOnlyForDeploymentPostprocessing = 0;
		};
/* End PBXFrameworksBuildPhase section */

/* Begin PBXGroup section */
		4C7599B32816FFAA00957666 /* Domain */ = {
			isa = PBXGroup;
			children = (
				4C7599B42816FFD600957666 /* Lesson.swift */,
			);
			path = Domain;
			sourceTree = "<group>";
		};
		4C7599B62817009E00957666 /* API Infrastructure */ = {
			isa = PBXGroup;
			children = (
				4C7599B7281700C400957666 /* URLSessionHTTPClient.swift */,
			);
			path = "API Infrastructure";
			sourceTree = "<group>";
		};
		4C7599B92817022900957666 /* Lesson API */ = {
			isa = PBXGroup;
			children = (
				4C7599BA2817024000957666 /* LessonEndpoint.swift */,
				4C7599BC281702C900957666 /* LessonService.swift */,
				4C7599BE2817040600957666 /* LessonMapper.swift */,
			);
			path = "Lesson API";
			sourceTree = "<group>";
		};
		4C7599C3281713D100957666 /* Lesson Cache */ = {
			isa = PBXGroup;
			children = (
				4C7599C82817162600957666 /* Infrastructure */,
				4C7599CF281721B700957666 /* LocalLessonLoader.swift */,
				4C7599D1281721DB00957666 /* LessonStore.swift */,
			);
			path = "Lesson Cache";
			sourceTree = "<group>";
		};
		4C7599C72817161800957666 /* CoreData */ = {
			isa = PBXGroup;
			children = (
				4C7599CB2817177B00957666 /* CoreDataLessonStore.swift */,
				4C7599C92817165700957666 /* CoreDataHelpers.swift */,
				4C7599CD281719AF00957666 /* ManagedLesson.swift */,
				4C7599C4281713F000957666 /* LessonStore.xcdatamodeld */,
			);
			path = CoreData;
			sourceTree = "<group>";
		};
		4C7599C82817162600957666 /* Infrastructure */ = {
			isa = PBXGroup;
			children = (
				4C7599C72817161800957666 /* CoreData */,
			);
			path = Infrastructure;
			sourceTree = "<group>";
		};
		4CEA927C2816FE990058BB84 = {
			isa = PBXGroup;
			children = (
				4CEA92872816FE990058BB84 /* LessonsApp */,
				4CEA929E2816FE9A0058BB84 /* LessonsAppTests */,
				4CEA92A82816FE9A0058BB84 /* LessonsAppUITests */,
				4CEA92862816FE990058BB84 /* Products */,
			);
			sourceTree = "<group>";
		};
		4CEA92862816FE990058BB84 /* Products */ = {
			isa = PBXGroup;
			children = (
				4CEA92852816FE990058BB84 /* LessonsApp.app */,
				4CEA929B2816FE9A0058BB84 /* LessonsAppTests.xctest */,
				4CEA92A52816FE9A0058BB84 /* LessonsAppUITests.xctest */,
			);
			name = Products;
			sourceTree = "<group>";
		};
		4CEA92872816FE990058BB84 /* LessonsApp */ = {
			isa = PBXGroup;
			children = (
				4C7599C3281713D100957666 /* Lesson Cache */,
				4C7599B62817009E00957666 /* API Infrastructure */,
				4C7599B92817022900957666 /* Lesson API */,
				4C7599B32816FFAA00957666 /* Domain */,
				4CEA92882816FE990058BB84 /* AppDelegate.swift */,
				4CEA928A2816FE990058BB84 /* SceneDelegate.swift */,
				4CEA928E2816FE990058BB84 /* Main.storyboard */,
				4CEA92912816FE9A0058BB84 /* Assets.xcassets */,
				4CEA92932816FE9A0058BB84 /* LaunchScreen.storyboard */,
				4CEA92962816FE9A0058BB84 /* Info.plist */,
			);
			path = LessonsApp;
			sourceTree = "<group>";
		};
		4CEA929E2816FE9A0058BB84 /* LessonsAppTests */ = {
			isa = PBXGroup;
			children = (
				4CEA929F2816FE9A0058BB84 /* LessonsAppTests.swift */,
			);
			path = LessonsAppTests;
			sourceTree = "<group>";
		};
		4CEA92A82816FE9A0058BB84 /* LessonsAppUITests */ = {
			isa = PBXGroup;
			children = (
				4CEA92A92816FE9A0058BB84 /* LessonsAppUITests.swift */,
				4CEA92AB2816FE9A0058BB84 /* LessonsAppUITestsLaunchTests.swift */,
			);
			path = LessonsAppUITests;
			sourceTree = "<group>";
		};
/* End PBXGroup section */

/* Begin PBXNativeTarget section */
		4CEA92842816FE990058BB84 /* LessonsApp */ = {
			isa = PBXNativeTarget;
			buildConfigurationList = 4CEA92AF2816FE9A0058BB84 /* Build configuration list for PBXNativeTarget "LessonsApp" */;
			buildPhases = (
				4CEA92812816FE990058BB84 /* Sources */,
				4CEA92822816FE990058BB84 /* Frameworks */,
				4CEA92832816FE990058BB84 /* Resources */,
			);
			buildRules = (
			);
			dependencies = (
			);
			name = LessonsApp;
			productName = LessonsApp;
			productReference = 4CEA92852816FE990058BB84 /* LessonsApp.app */;
			productType = "com.apple.product-type.application";
		};
		4CEA929A2816FE9A0058BB84 /* LessonsAppTests */ = {
			isa = PBXNativeTarget;
			buildConfigurationList = 4CEA92B22816FE9A0058BB84 /* Build configuration list for PBXNativeTarget "LessonsAppTests" */;
			buildPhases = (
				4CEA92972816FE9A0058BB84 /* Sources */,
				4CEA92982816FE9A0058BB84 /* Frameworks */,
				4CEA92992816FE9A0058BB84 /* Resources */,
			);
			buildRules = (
			);
			dependencies = (
				4CEA929D2816FE9A0058BB84 /* PBXTargetDependency */,
			);
			name = LessonsAppTests;
			productName = LessonsAppTests;
			productReference = 4CEA929B2816FE9A0058BB84 /* LessonsAppTests.xctest */;
			productType = "com.apple.product-type.bundle.unit-test";
		};
		4CEA92A42816FE9A0058BB84 /* LessonsAppUITests */ = {
			isa = PBXNativeTarget;
			buildConfigurationList = 4CEA92B52816FE9A0058BB84 /* Build configuration list for PBXNativeTarget "LessonsAppUITests" */;
			buildPhases = (
				4CEA92A12816FE9A0058BB84 /* Sources */,
				4CEA92A22816FE9A0058BB84 /* Frameworks */,
				4CEA92A32816FE9A0058BB84 /* Resources */,
			);
			buildRules = (
			);
			dependencies = (
				4CEA92A72816FE9A0058BB84 /* PBXTargetDependency */,
			);
			name = LessonsAppUITests;
			productName = LessonsAppUITests;
			productReference = 4CEA92A52816FE9A0058BB84 /* LessonsAppUITests.xctest */;
			productType = "com.apple.product-type.bundle.ui-testing";
		};
/* End PBXNativeTarget section */

/* Begin PBXProject section */
		4CEA927D2816FE990058BB84 /* Project object */ = {
			isa = PBXProject;
			attributes = {
				BuildIndependentTargetsInParallel = 1;
				LastSwiftUpdateCheck = 1330;
				LastUpgradeCheck = 1330;
				TargetAttributes = {
					4CEA92842816FE990058BB84 = {
						CreatedOnToolsVersion = 13.3.1;
					};
					4CEA929A2816FE9A0058BB84 = {
						CreatedOnToolsVersion = 13.3.1;
						TestTargetID = 4CEA92842816FE990058BB84;
					};
					4CEA92A42816FE9A0058BB84 = {
						CreatedOnToolsVersion = 13.3.1;
						TestTargetID = 4CEA92842816FE990058BB84;
					};
				};
			};
			buildConfigurationList = 4CEA92802816FE990058BB84 /* Build configuration list for PBXProject "LessonsApp" */;
			compatibilityVersion = "Xcode 13.0";
			developmentRegion = en;
			hasScannedForEncodings = 0;
			knownRegions = (
				en,
				Base,
			);
			mainGroup = 4CEA927C2816FE990058BB84;
			productRefGroup = 4CEA92862816FE990058BB84 /* Products */;
			projectDirPath = "";
			projectRoot = "";
			targets = (
				4CEA92842816FE990058BB84 /* LessonsApp */,
				4CEA929A2816FE9A0058BB84 /* LessonsAppTests */,
				4CEA92A42816FE9A0058BB84 /* LessonsAppUITests */,
			);
		};
/* End PBXProject section */

/* Begin PBXResourcesBuildPhase section */
		4CEA92832816FE990058BB84 /* Resources */ = {
			isa = PBXResourcesBuildPhase;
			buildActionMask = 2147483647;
			files = (
				4CEA92952816FE9A0058BB84 /* LaunchScreen.storyboard in Resources */,
				4CEA92922816FE9A0058BB84 /* Assets.xcassets in Resources */,
				4CEA92902816FE990058BB84 /* Main.storyboard in Resources */,
			);
			runOnlyForDeploymentPostprocessing = 0;
		};
		4CEA92992816FE9A0058BB84 /* Resources */ = {
			isa = PBXResourcesBuildPhase;
			buildActionMask = 2147483647;
			files = (
			);
			runOnlyForDeploymentPostprocessing = 0;
		};
		4CEA92A32816FE9A0058BB84 /* Resources */ = {
			isa = PBXResourcesBuildPhase;
			buildActionMask = 2147483647;
			files = (
			);
			runOnlyForDeploymentPostprocessing = 0;
		};
/* End PBXResourcesBuildPhase section */

/* Begin PBXSourcesBuildPhase section */
		4CEA92812816FE990058BB84 /* Sources */ = {
			isa = PBXSourcesBuildPhase;
			buildActionMask = 2147483647;
			files = (
				4CEA92892816FE990058BB84 /* AppDelegate.swift in Sources */,
				4C7599C6281713F000957666 /* LessonStore.xcdatamodeld in Sources */,
				4C7599CE281719AF00957666 /* ManagedLesson.swift in Sources */,
				4CEA928B2816FE990058BB84 /* SceneDelegate.swift in Sources */,
				4C7599D0281721B700957666 /* LocalLessonLoader.swift in Sources */,
				4C7599B52816FFD600957666 /* Lesson.swift in Sources */,
				4C7599CC2817177B00957666 /* CoreDataLessonStore.swift in Sources */,
				4C7599BF2817040600957666 /* LessonMapper.swift in Sources */,
				4C7599BD281702C900957666 /* LessonService.swift in Sources */,
				4C7599CA2817165700957666 /* CoreDataHelpers.swift in Sources */,
				4C7599D2281721DB00957666 /* LessonStore.swift in Sources */,
				4C7599BB2817024000957666 /* LessonEndpoint.swift in Sources */,
				4C7599B8281700C400957666 /* URLSessionHTTPClient.swift in Sources */,
			);
			runOnlyForDeploymentPostprocessing = 0;
		};
		4CEA92972816FE9A0058BB84 /* Sources */ = {
			isa = PBXSourcesBuildPhase;
			buildActionMask = 2147483647;
			files = (
				4CEA92A02816FE9A0058BB84 /* LessonsAppTests.swift in Sources */,
			);
			runOnlyForDeploymentPostprocessing = 0;
		};
		4CEA92A12816FE9A0058BB84 /* Sources */ = {
			isa = PBXSourcesBuildPhase;
			buildActionMask = 2147483647;
			files = (
				4CEA92AC2816FE9A0058BB84 /* LessonsAppUITestsLaunchTests.swift in Sources */,
				4CEA92AA2816FE9A0058BB84 /* LessonsAppUITests.swift in Sources */,
			);
			runOnlyForDeploymentPostprocessing = 0;
		};
/* End PBXSourcesBuildPhase section */

/* Begin PBXTargetDependency section */
		4CEA929D2816FE9A0058BB84 /* PBXTargetDependency */ = {
			isa = PBXTargetDependency;
			target = 4CEA92842816FE990058BB84 /* LessonsApp */;
			targetProxy = 4CEA929C2816FE9A0058BB84 /* PBXContainerItemProxy */;
		};
		4CEA92A72816FE9A0058BB84 /* PBXTargetDependency */ = {
			isa = PBXTargetDependency;
			target = 4CEA92842816FE990058BB84 /* LessonsApp */;
			targetProxy = 4CEA92A62816FE9A0058BB84 /* PBXContainerItemProxy */;
		};
/* End PBXTargetDependency section */

/* Begin PBXVariantGroup section */
		4CEA928E2816FE990058BB84 /* Main.storyboard */ = {
			isa = PBXVariantGroup;
			children = (
				4CEA928F2816FE990058BB84 /* Base */,
			);
			name = Main.storyboard;
			sourceTree = "<group>";
		};
		4CEA92932816FE9A0058BB84 /* LaunchScreen.storyboard */ = {
			isa = PBXVariantGroup;
			children = (
				4CEA92942816FE9A0058BB84 /* Base */,
			);
			name = LaunchScreen.storyboard;
			sourceTree = "<group>";
		};
/* End PBXVariantGroup section */

/* Begin XCBuildConfiguration section */
		4CEA92AD2816FE9A0058BB84 /* Debug */ = {
			isa = XCBuildConfiguration;
			buildSettings = {
				ALWAYS_SEARCH_USER_PATHS = NO;
				CLANG_ANALYZER_NONNULL = YES;
				CLANG_ANALYZER_NUMBER_OBJECT_CONVERSION = YES_AGGRESSIVE;
				CLANG_CXX_LANGUAGE_STANDARD = "gnu++17";
				CLANG_ENABLE_MODULES = YES;
				CLANG_ENABLE_OBJC_ARC = YES;
				CLANG_ENABLE_OBJC_WEAK = YES;
				CLANG_WARN_BLOCK_CAPTURE_AUTORELEASING = YES;
				CLANG_WARN_BOOL_CONVERSION = YES;
				CLANG_WARN_COMMA = YES;
				CLANG_WARN_CONSTANT_CONVERSION = YES;
				CLANG_WARN_DEPRECATED_OBJC_IMPLEMENTATIONS = YES;
				CLANG_WARN_DIRECT_OBJC_ISA_USAGE = YES_ERROR;
				CLANG_WARN_DOCUMENTATION_COMMENTS = YES;
				CLANG_WARN_EMPTY_BODY = YES;
				CLANG_WARN_ENUM_CONVERSION = YES;
				CLANG_WARN_INFINITE_RECURSION = YES;
				CLANG_WARN_INT_CONVERSION = YES;
				CLANG_WARN_NON_LITERAL_NULL_CONVERSION = YES;
				CLANG_WARN_OBJC_IMPLICIT_RETAIN_SELF = YES;
				CLANG_WARN_OBJC_LITERAL_CONVERSION = YES;
				CLANG_WARN_OBJC_ROOT_CLASS = YES_ERROR;
				CLANG_WARN_QUOTED_INCLUDE_IN_FRAMEWORK_HEADER = YES;
				CLANG_WARN_RANGE_LOOP_ANALYSIS = YES;
				CLANG_WARN_STRICT_PROTOTYPES = YES;
				CLANG_WARN_SUSPICIOUS_MOVE = YES;
				CLANG_WARN_UNGUARDED_AVAILABILITY = YES_AGGRESSIVE;
				CLANG_WARN_UNREACHABLE_CODE = YES;
				CLANG_WARN__DUPLICATE_METHOD_MATCH = YES;
				COPY_PHASE_STRIP = NO;
				DEBUG_INFORMATION_FORMAT = dwarf;
				ENABLE_STRICT_OBJC_MSGSEND = YES;
				ENABLE_TESTABILITY = YES;
				GCC_C_LANGUAGE_STANDARD = gnu11;
				GCC_DYNAMIC_NO_PIC = NO;
				GCC_NO_COMMON_BLOCKS = YES;
				GCC_OPTIMIZATION_LEVEL = 0;
				GCC_PREPROCESSOR_DEFINITIONS = (
					"DEBUG=1",
					"$(inherited)",
				);
				GCC_WARN_64_TO_32_BIT_CONVERSION = YES;
				GCC_WARN_ABOUT_RETURN_TYPE = YES_ERROR;
				GCC_WARN_UNDECLARED_SELECTOR = YES;
				GCC_WARN_UNINITIALIZED_AUTOS = YES_AGGRESSIVE;
				GCC_WARN_UNUSED_FUNCTION = YES;
				GCC_WARN_UNUSED_VARIABLE = YES;
				IPHONEOS_DEPLOYMENT_TARGET = 15.4;
				MTL_ENABLE_DEBUG_INFO = INCLUDE_SOURCE;
				MTL_FAST_MATH = YES;
				ONLY_ACTIVE_ARCH = YES;
				SDKROOT = iphoneos;
				SWIFT_ACTIVE_COMPILATION_CONDITIONS = DEBUG;
				SWIFT_OPTIMIZATION_LEVEL = "-Onone";
			};
			name = Debug;
		};
		4CEA92AE2816FE9A0058BB84 /* Release */ = {
			isa = XCBuildConfiguration;
			buildSettings = {
				ALWAYS_SEARCH_USER_PATHS = NO;
				CLANG_ANALYZER_NONNULL = YES;
				CLANG_ANALYZER_NUMBER_OBJECT_CONVERSION = YES_AGGRESSIVE;
				CLANG_CXX_LANGUAGE_STANDARD = "gnu++17";
				CLANG_ENABLE_MODULES = YES;
				CLANG_ENABLE_OBJC_ARC = YES;
				CLANG_ENABLE_OBJC_WEAK = YES;
				CLANG_WARN_BLOCK_CAPTURE_AUTORELEASING = YES;
				CLANG_WARN_BOOL_CONVERSION = YES;
				CLANG_WARN_COMMA = YES;
				CLANG_WARN_CONSTANT_CONVERSION = YES;
				CLANG_WARN_DEPRECATED_OBJC_IMPLEMENTATIONS = YES;
				CLANG_WARN_DIRECT_OBJC_ISA_USAGE = YES_ERROR;
				CLANG_WARN_DOCUMENTATION_COMMENTS = YES;
				CLANG_WARN_EMPTY_BODY = YES;
				CLANG_WARN_ENUM_CONVERSION = YES;
				CLANG_WARN_INFINITE_RECURSION = YES;
				CLANG_WARN_INT_CONVERSION = YES;
				CLANG_WARN_NON_LITERAL_NULL_CONVERSION = YES;
				CLANG_WARN_OBJC_IMPLICIT_RETAIN_SELF = YES;
				CLANG_WARN_OBJC_LITERAL_CONVERSION = YES;
				CLANG_WARN_OBJC_ROOT_CLASS = YES_ERROR;
				CLANG_WARN_QUOTED_INCLUDE_IN_FRAMEWORK_HEADER = YES;
				CLANG_WARN_RANGE_LOOP_ANALYSIS = YES;
				CLANG_WARN_STRICT_PROTOTYPES = YES;
				CLANG_WARN_SUSPICIOUS_MOVE = YES;
				CLANG_WARN_UNGUARDED_AVAILABILITY = YES_AGGRESSIVE;
				CLANG_WARN_UNREACHABLE_CODE = YES;
				CLANG_WARN__DUPLICATE_METHOD_MATCH = YES;
				COPY_PHASE_STRIP = NO;
				DEBUG_INFORMATION_FORMAT = "dwarf-with-dsym";
				ENABLE_NS_ASSERTIONS = NO;
				ENABLE_STRICT_OBJC_MSGSEND = YES;
				GCC_C_LANGUAGE_STANDARD = gnu11;
				GCC_NO_COMMON_BLOCKS = YES;
				GCC_WARN_64_TO_32_BIT_CONVERSION = YES;
				GCC_WARN_ABOUT_RETURN_TYPE = YES_ERROR;
				GCC_WARN_UNDECLARED_SELECTOR = YES;
				GCC_WARN_UNINITIALIZED_AUTOS = YES_AGGRESSIVE;
				GCC_WARN_UNUSED_FUNCTION = YES;
				GCC_WARN_UNUSED_VARIABLE = YES;
				IPHONEOS_DEPLOYMENT_TARGET = 15.4;
				MTL_ENABLE_DEBUG_INFO = NO;
				MTL_FAST_MATH = YES;
				SDKROOT = iphoneos;
				SWIFT_COMPILATION_MODE = wholemodule;
				SWIFT_OPTIMIZATION_LEVEL = "-O";
				VALIDATE_PRODUCT = YES;
			};
			name = Release;
		};
		4CEA92B02816FE9A0058BB84 /* Debug */ = {
			isa = XCBuildConfiguration;
			buildSettings = {
				ASSETCATALOG_COMPILER_APPICON_NAME = AppIcon;
				ASSETCATALOG_COMPILER_GLOBAL_ACCENT_COLOR_NAME = AccentColor;
				CODE_SIGN_STYLE = Automatic;
				CURRENT_PROJECT_VERSION = 1;
				DEVELOPMENT_TEAM = ZUTM2D9M6W;
				GENERATE_INFOPLIST_FILE = YES;
				INFOPLIST_FILE = LessonsApp/Info.plist;
				INFOPLIST_KEY_UIApplicationSupportsIndirectInputEvents = YES;
				INFOPLIST_KEY_UILaunchStoryboardName = LaunchScreen;
				INFOPLIST_KEY_UIMainStoryboardFile = Main;
				INFOPLIST_KEY_UISupportedInterfaceOrientations_iPad = "UIInterfaceOrientationPortrait UIInterfaceOrientationPortraitUpsideDown UIInterfaceOrientationLandscapeLeft UIInterfaceOrientationLandscapeRight";
				INFOPLIST_KEY_UISupportedInterfaceOrientations_iPhone = "UIInterfaceOrientationPortrait UIInterfaceOrientationLandscapeLeft UIInterfaceOrientationLandscapeRight";
				LD_RUNPATH_SEARCH_PATHS = (
					"$(inherited)",
					"@executable_path/Frameworks",
				);
				MARKETING_VERSION = 1.0;
				PRODUCT_BUNDLE_IDENTIFIER = com.bitar.LessonsApp;
				PRODUCT_NAME = "$(TARGET_NAME)";
				SWIFT_EMIT_LOC_STRINGS = YES;
				SWIFT_VERSION = 5.0;
				TARGETED_DEVICE_FAMILY = "1,2";
			};
			name = Debug;
		};
		4CEA92B12816FE9A0058BB84 /* Release */ = {
			isa = XCBuildConfiguration;
			buildSettings = {
				ASSETCATALOG_COMPILER_APPICON_NAME = AppIcon;
				ASSETCATALOG_COMPILER_GLOBAL_ACCENT_COLOR_NAME = AccentColor;
				CODE_SIGN_STYLE = Automatic;
				CURRENT_PROJECT_VERSION = 1;
				DEVELOPMENT_TEAM = ZUTM2D9M6W;
				GENERATE_INFOPLIST_FILE = YES;
				INFOPLIST_FILE = LessonsApp/Info.plist;
				INFOPLIST_KEY_UIApplicationSupportsIndirectInputEvents = YES;
				INFOPLIST_KEY_UILaunchStoryboardName = LaunchScreen;
				INFOPLIST_KEY_UIMainStoryboardFile = Main;
				INFOPLIST_KEY_UISupportedInterfaceOrientations_iPad = "UIInterfaceOrientationPortrait UIInterfaceOrientationPortraitUpsideDown UIInterfaceOrientationLandscapeLeft UIInterfaceOrientationLandscapeRight";
				INFOPLIST_KEY_UISupportedInterfaceOrientations_iPhone = "UIInterfaceOrientationPortrait UIInterfaceOrientationLandscapeLeft UIInterfaceOrientationLandscapeRight";
				LD_RUNPATH_SEARCH_PATHS = (
					"$(inherited)",
					"@executable_path/Frameworks",
				);
				MARKETING_VERSION = 1.0;
				PRODUCT_BUNDLE_IDENTIFIER = com.bitar.LessonsApp;
				PRODUCT_NAME = "$(TARGET_NAME)";
				SWIFT_EMIT_LOC_STRINGS = YES;
				SWIFT_VERSION = 5.0;
				TARGETED_DEVICE_FAMILY = "1,2";
			};
			name = Release;
		};
		4CEA92B32816FE9A0058BB84 /* Debug */ = {
			isa = XCBuildConfiguration;
			buildSettings = {
				ALWAYS_EMBED_SWIFT_STANDARD_LIBRARIES = YES;
				BUNDLE_LOADER = "$(TEST_HOST)";
				CODE_SIGN_STYLE = Automatic;
				CURRENT_PROJECT_VERSION = 1;
				DEVELOPMENT_TEAM = ZUTM2D9M6W;
				GENERATE_INFOPLIST_FILE = YES;
				IPHONEOS_DEPLOYMENT_TARGET = 15.4;
				MARKETING_VERSION = 1.0;
				PRODUCT_BUNDLE_IDENTIFIER = com.bitar.LessonsAppTests;
				PRODUCT_NAME = "$(TARGET_NAME)";
				SWIFT_EMIT_LOC_STRINGS = NO;
				SWIFT_VERSION = 5.0;
				TARGETED_DEVICE_FAMILY = "1,2";
				TEST_HOST = "$(BUILT_PRODUCTS_DIR)/LessonsApp.app/LessonsApp";
			};
			name = Debug;
		};
		4CEA92B42816FE9A0058BB84 /* Release */ = {
			isa = XCBuildConfiguration;
			buildSettings = {
				ALWAYS_EMBED_SWIFT_STANDARD_LIBRARIES = YES;
				BUNDLE_LOADER = "$(TEST_HOST)";
				CODE_SIGN_STYLE = Automatic;
				CURRENT_PROJECT_VERSION = 1;
				DEVELOPMENT_TEAM = ZUTM2D9M6W;
				GENERATE_INFOPLIST_FILE = YES;
				IPHONEOS_DEPLOYMENT_TARGET = 15.4;
				MARKETING_VERSION = 1.0;
				PRODUCT_BUNDLE_IDENTIFIER = com.bitar.LessonsAppTests;
				PRODUCT_NAME = "$(TARGET_NAME)";
				SWIFT_EMIT_LOC_STRINGS = NO;
				SWIFT_VERSION = 5.0;
				TARGETED_DEVICE_FAMILY = "1,2";
				TEST_HOST = "$(BUILT_PRODUCTS_DIR)/LessonsApp.app/LessonsApp";
			};
			name = Release;
		};
		4CEA92B62816FE9A0058BB84 /* Debug */ = {
			isa = XCBuildConfiguration;
			buildSettings = {
				ALWAYS_EMBED_SWIFT_STANDARD_LIBRARIES = YES;
				CODE_SIGN_STYLE = Automatic;
				CURRENT_PROJECT_VERSION = 1;
				DEVELOPMENT_TEAM = ZUTM2D9M6W;
				GENERATE_INFOPLIST_FILE = YES;
				MARKETING_VERSION = 1.0;
				PRODUCT_BUNDLE_IDENTIFIER = com.bitar.LessonsAppUITests;
				PRODUCT_NAME = "$(TARGET_NAME)";
				SWIFT_EMIT_LOC_STRINGS = NO;
				SWIFT_VERSION = 5.0;
				TARGETED_DEVICE_FAMILY = "1,2";
				TEST_TARGET_NAME = LessonsApp;
			};
			name = Debug;
		};
		4CEA92B72816FE9A0058BB84 /* Release */ = {
			isa = XCBuildConfiguration;
			buildSettings = {
				ALWAYS_EMBED_SWIFT_STANDARD_LIBRARIES = YES;
				CODE_SIGN_STYLE = Automatic;
				CURRENT_PROJECT_VERSION = 1;
				DEVELOPMENT_TEAM = ZUTM2D9M6W;
				GENERATE_INFOPLIST_FILE = YES;
				MARKETING_VERSION = 1.0;
				PRODUCT_BUNDLE_IDENTIFIER = com.bitar.LessonsAppUITests;
				PRODUCT_NAME = "$(TARGET_NAME)";
				SWIFT_EMIT_LOC_STRINGS = NO;
				SWIFT_VERSION = 5.0;
				TARGETED_DEVICE_FAMILY = "1,2";
				TEST_TARGET_NAME = LessonsApp;
			};
			name = Release;
		};
/* End XCBuildConfiguration section */

/* Begin XCConfigurationList section */
		4CEA92802816FE990058BB84 /* Build configuration list for PBXProject "LessonsApp" */ = {
			isa = XCConfigurationList;
			buildConfigurations = (
				4CEA92AD2816FE9A0058BB84 /* Debug */,
				4CEA92AE2816FE9A0058BB84 /* Release */,
			);
			defaultConfigurationIsVisible = 0;
			defaultConfigurationName = Release;
		};
		4CEA92AF2816FE9A0058BB84 /* Build configuration list for PBXNativeTarget "LessonsApp" */ = {
			isa = XCConfigurationList;
			buildConfigurations = (
				4CEA92B02816FE9A0058BB84 /* Debug */,
				4CEA92B12816FE9A0058BB84 /* Release */,
			);
			defaultConfigurationIsVisible = 0;
			defaultConfigurationName = Release;
		};
		4CEA92B22816FE9A0058BB84 /* Build configuration list for PBXNativeTarget "LessonsAppTests" */ = {
			isa = XCConfigurationList;
			buildConfigurations = (
				4CEA92B32816FE9A0058BB84 /* Debug */,
				4CEA92B42816FE9A0058BB84 /* Release */,
			);
			defaultConfigurationIsVisible = 0;
			defaultConfigurationName = Release;
		};
		4CEA92B52816FE9A0058BB84 /* Build configuration list for PBXNativeTarget "LessonsAppUITests" */ = {
			isa = XCConfigurationList;
			buildConfigurations = (
				4CEA92B62816FE9A0058BB84 /* Debug */,
				4CEA92B72816FE9A0058BB84 /* Release */,
			);
			defaultConfigurationIsVisible = 0;
			defaultConfigurationName = Release;
		};
/* End XCConfigurationList section */

/* Begin XCVersionGroup section */
		4C7599C4281713F000957666 /* LessonStore.xcdatamodeld */ = {
			isa = XCVersionGroup;
			children = (
				4C7599C5281713F000957666 /* LessonStore.xcdatamodel */,
			);
			currentVersion = 4C7599C5281713F000957666 /* LessonStore.xcdatamodel */;
			path = LessonStore.xcdatamodeld;
			sourceTree = "<group>";
			versionGroupType = wrapper.xcdatamodel;
		};
/* End XCVersionGroup section */
	};
	rootObject = 4CEA927D2816FE990058BB84 /* Project object */;
}
